{
  "name": "overleaonline",
  "lockfileVersion": 2,
  "requires": true,
  "packages": {
    "": {
      "dependencies": {
        "keen-slider": "^5.5.1"
      }
    },
    "node_modules/keen-slider": {
      "version": "5.5.1",
      "resolved": "https://registry.npmjs.org/keen-slider/-/keen-slider-5.5.1.tgz",
      "integrity": "sha512-QXGZGt5Hbe0YufR/RYbOG03MmOk43RQEXqkkSvjr8ZS67sVR7LRp5RIvJALfjl+A7BnHNr1wd1QBOemwy65Lfw=="
    }
  },
  "dependencies": {
    "keen-slider": {
      "version": "5.5.1",
      "resolved": "https://registry.npmjs.org/keen-slider/-/keen-slider-5.5.1.tgz",
      "integrity": "sha512-QXGZGt5Hbe0YufR/RYbOG03MmOk43RQEXqkkSvjr8ZS67sVR7LRp5RIvJALfjl+A7BnHNr1wd1QBOemwy65Lfw=="
    }
  }
}
